// !$*UTF8*$!
{
	archiveVersion = 1;
	classes = {
	};
	objectVersion = 46;
	objects = {

/* Begin PBXBuildFile section */
		739D64841904297D006766A3 /* Foundation.framework in Frameworks */ = {isa = PBXBuildFile; fileRef = 739D64831904297D006766A3 /* Foundation.framework */; };
		739D64861904297D006766A3 /* CoreGraphics.framework in Frameworks */ = {isa = PBXBuildFile; fileRef = 739D64851904297D006766A3 /* CoreGraphics.framework */; };
		739D64881904297D006766A3 /* UIKit.framework in Frameworks */ = {isa = PBXBuildFile; fileRef = 739D64871904297D006766A3 /* UIKit.framework */; };
		739D648E1904297D006766A3 /* InfoPlist.strings in Resources */ = {isa = PBXBuildFile; fileRef = 739D648C1904297D006766A3 /* InfoPlist.strings */; };
		739D64901904297D006766A3 /* main.m in Sources */ = {isa = PBXBuildFile; fileRef = 739D648F1904297D006766A3 /* main.m */; };
		739D64941904297D006766A3 /* AppDelegate.m in Sources */ = {isa = PBXBuildFile; fileRef = 739D64931904297D006766A3 /* AppDelegate.m */; };
		739D64971904297D006766A3 /* Main_iPhone.storyboard in Resources */ = {isa = PBXBuildFile; fileRef = 739D64951904297D006766A3 /* Main_iPhone.storyboard */; };
		739D649A1904297D006766A3 /* Main_iPad.storyboard in Resources */ = {isa = PBXBuildFile; fileRef = 739D64981904297D006766A3 /* Main_iPad.storyboard */; };
		739D649D1904297D006766A3 /* ViewController.m in Sources */ = {isa = PBXBuildFile; fileRef = 739D649C1904297D006766A3 /* ViewController.m */; };
		739D649F1904297D006766A3 /* Images.xcassets in Resources */ = {isa = PBXBuildFile; fileRef = 739D649E1904297D006766A3 /* Images.xcassets */; };
		739D64A61904297D006766A3 /* XCTest.framework in Frameworks */ = {isa = PBXBuildFile; fileRef = 739D64A51904297D006766A3 /* XCTest.framework */; };
		739D64A71904297D006766A3 /* Foundation.framework in Frameworks */ = {isa = PBXBuildFile; fileRef = 739D64831904297D006766A3 /* Foundation.framework */; };
		739D64A81904297D006766A3 /* UIKit.framework in Frameworks */ = {isa = PBXBuildFile; fileRef = 739D64871904297D006766A3 /* UIKit.framework */; };
		739D64B01904297D006766A3 /* InfoPlist.strings in Resources */ = {isa = PBXBuildFile; fileRef = 739D64AE1904297D006766A3 /* InfoPlist.strings */; };
		739D64B21904297D006766A3 /* VCDismissalTests.m in Sources */ = {isa = PBXBuildFile; fileRef = 739D64B11904297D006766A3 /* VCDismissalTests.m */; };
/* End PBXBuildFile section */

/* Begin PBXContainerItemProxy section */
		739D64A91904297D006766A3 /* PBXContainerItemProxy */ = {
			isa = PBXContainerItemProxy;
			containerPortal = 739D64781904297D006766A3 /* Project object */;
			proxyType = 1;
			remoteGlobalIDString = 739D647F1904297D006766A3;
			remoteInfo = VCDismissal;
		};
/* End PBXContainerItemProxy section */

/* Begin PBXFileReference section */
		739D64801904297D006766A3 /* VCDismissal.app */ = {isa = PBXFileReference; explicitFileType = wrapper.application; includeInIndex = 0; path = VCDismissal.app; sourceTree = BUILT_PRODUCTS_DIR; };
		739D64831904297D006766A3 /* Foundation.framework */ = {isa = PBXFileReference; lastKnownFileType = wrapper.framework; name = Foundation.framework; path = System/Library/Frameworks/Foundation.framework; sourceTree = SDKROOT; };
		739D64851904297D006766A3 /* CoreGraphics.framework */ = {isa = PBXFileReference; lastKnownFileType = wrapper.framework; name = CoreGraphics.framework; path = System/Library/Frameworks/CoreGraphics.framework; sourceTree = SDKROOT; };
		739D64871904297D006766A3 /* UIKit.framework */ = {isa = PBXFileReference; lastKnownFileType = wrapper.framework; name = UIKit.framework; path = System/Library/Frameworks/UIKit.framework; sourceTree = SDKROOT; };
		739D648B1904297D006766A3 /* VCDismissal-Info.plist */ = {isa = PBXFileReference; lastKnownFileType = text.plist.xml; path = "VCDismissal-Info.plist"; sourceTree = "<group>"; };
		739D648D1904297D006766A3 /* en */ = {isa = PBXFileReference; lastKnownFileType = text.plist.strings; name = en; path = en.lproj/InfoPlist.strings; sourceTree = "<group>"; };
		739D648F1904297D006766A3 /* main.m */ = {isa = PBXFileReference; lastKnownFileType = sourcecode.c.objc; path = main.m; sourceTree = "<group>"; };
		739D64911904297D006766A3 /* VCDismissal-Prefix.pch */ = {isa = PBXFileReference; lastKnownFileType = sourcecode.c.h; path = "VCDismissal-Prefix.pch"; sourceTree = "<group>"; };
		739D64921904297D006766A3 /* AppDelegate.h */ = {isa = PBXFileReference; lastKnownFileType = sourcecode.c.h; path = AppDelegate.h; sourceTree = "<group>"; };
		739D64931904297D006766A3 /* AppDelegate.m */ = {isa = PBXFileReference; lastKnownFileType = sourcecode.c.objc; path = AppDelegate.m; sourceTree = "<group>"; };
		739D64961904297D006766A3 /* Base */ = {isa = PBXFileReference; lastKnownFileType = file.storyboard; name = Base; path = Base.lproj/Main_iPhone.storyboard; sourceTree = "<group>"; };
		739D64991904297D006766A3 /* Base */ = {isa = PBXFileReference; lastKnownFileType = file.storyboard; name = Base; path = Base.lproj/Main_iPad.storyboard; sourceTree = "<group>"; };
		739D649B1904297D006766A3 /* ViewController.h */ = {isa = PBXFileReference; lastKnownFileType = sourcecode.c.h; path = ViewController.h; sourceTree = "<group>"; };
		739D649C1904297D006766A3 /* ViewController.m */ = {isa = PBXFileReference; lastKnownFileType = sourcecode.c.objc; path = ViewController.m; sourceTree = "<group>"; };
		739D649E1904297D006766A3 /* Images.xcassets */ = {isa = PBXFileReference; lastKnownFileType = folder.assetcatalog; path = Images.xcassets; sourceTree = "<group>"; };
		739D64A41904297D006766A3 /* VCDismissalTests.xctest */ = {isa = PBXFileReference; explicitFileType = wrapper.cfbundle; includeInIndex = 0; path = VCDismissalTests.xctest; sourceTree = BUILT_PRODUCTS_DIR; };
		739D64A51904297D006766A3 /* XCTest.framework */ = {isa = PBXFileReference; lastKnownFileType = wrapper.framework; name = XCTest.framework; path = Library/Frameworks/XCTest.framework; sourceTree = DEVELOPER_DIR; };
		739D64AD1904297D006766A3 /* VCDismissalTests-Info.plist */ = {isa = PBXFileReference; lastKnownFileType = text.plist.xml; path = "VCDismissalTests-Info.plist"; sourceTree = "<group>"; };
		739D64AF1904297D006766A3 /* en */ = {isa = PBXFileReference; lastKnownFileType = text.plist.strings; name = en; path = en.lproj/InfoPlist.strings; sourceTree = "<group>"; };
		739D64B11904297D006766A3 /* VCDismissalTests.m */ = {isa = PBXFileReference; lastKnownFileType = sourcecode.c.objc; path = VCDismissalTests.m; sourceTree = "<group>"; };
/* End PBXFileReference section */

/* Begin PBXFrameworksBuildPhase section */
		739D647D1904297D006766A3 /* Frameworks */ = {
			isa = PBXFrameworksBuildPhase;
			buildActionMask = 2147483647;
			files = (
				739D64861904297D006766A3 /* CoreGraphics.framework in Frameworks */,
				739D64881904297D006766A3 /* UIKit.framework in Frameworks */,
				739D64841904297D006766A3 /* Foundation.framework in Frameworks */,
			);
			runOnlyForDeploymentPostprocessing = 0;
		};
		739D64A11904297D006766A3 /* Frameworks */ = {
			isa = PBXFrameworksBuildPhase;
			buildActionMask = 2147483647;
			files = (
				739D64A61904297D006766A3 /* XCTest.framework in Frameworks */,
				739D64A81904297D006766A3 /* UIKit.framework in Frameworks */,
				739D64A71904297D006766A3 /* Foundation.framework in Frameworks */,
			);
			runOnlyForDeploymentPostprocessing = 0;
		};
/* End PBXFrameworksBuildPhase section */

/* Begin PBXGroup section */
		739D64771904297D006766A3 = {
			isa = PBXGroup;
			children = (
				739D64891904297D006766A3 /* VCDismissal */,
				739D64AB1904297D006766A3 /* VCDismissalTests */,
				739D64821904297D006766A3 /* Frameworks */,
				739D64811904297D006766A3 /* Products */,
			);
			sourceTree = "<group>";
		};
		739D64811904297D006766A3 /* Products */ = {
			isa = PBXGroup;
			children = (
				739D64801904297D006766A3 /* VCDismissal.app */,
				739D64A41904297D006766A3 /* VCDismissalTests.xctest */,
			);
			name = Products;
			sourceTree = "<group>";
		};
		739D64821904297D006766A3 /* Frameworks */ = {
			isa = PBXGroup;
			children = (
				739D64831904297D006766A3 /* Foundation.framework */,
				739D64851904297D006766A3 /* CoreGraphics.framework */,
				739D64871904297D006766A3 /* UIKit.framework */,
				739D64A51904297D006766A3 /* XCTest.framework */,
			);
			name = Frameworks;
			sourceTree = "<group>";
		};
		739D64891904297D006766A3 /* VCDismissal */ = {
			isa = PBXGroup;
			children = (
				739D64921904297D006766A3 /* AppDelegate.h */,
				739D64931904297D006766A3 /* AppDelegate.m */,
				739D64951904297D006766A3 /* Main_iPhone.storyboard */,
				739D64981904297D006766A3 /* Main_iPad.storyboard */,
				739D649B1904297D006766A3 /* ViewController.h */,
				739D649C1904297D006766A3 /* ViewController.m */,
				739D649E1904297D006766A3 /* Images.xcassets */,
				739D648A1904297D006766A3 /* Supporting Files */,
			);
			path = VCDismissal;
			sourceTree = "<group>";
		};
		739D648A1904297D006766A3 /* Supporting Files */ = {
			isa = PBXGroup;
			children = (
				739D648B1904297D006766A3 /* VCDismissal-Info.plist */,
				739D648C1904297D006766A3 /* InfoPlist.strings */,
				739D648F1904297D006766A3 /* main.m */,
				739D64911904297D006766A3 /* VCDismissal-Prefix.pch */,
			);
			name = "Supporting Files";
			sourceTree = "<group>";
		};
		739D64AB1904297D006766A3 /* VCDismissalTests */ = {
			isa = PBXGroup;
			children = (
				739D64B11904297D006766A3 /* VCDismissalTests.m */,
				739D64AC1904297D006766A3 /* Supporting Files */,
			);
			path = VCDismissalTests;
			sourceTree = "<group>";
		};
		739D64AC1904297D006766A3 /* Supporting Files */ = {
			isa = PBXGroup;
			children = (
				739D64AD1904297D006766A3 /* VCDismissalTests-Info.plist */,
				739D64AE1904297D006766A3 /* InfoPlist.strings */,
			);
			name = "Supporting Files";
			sourceTree = "<group>";
		};
/* End PBXGroup section */

/* Begin PBXNativeTarget section */
		739D647F1904297D006766A3 /* VCDismissal */ = {
			isa = PBXNativeTarget;
			buildConfigurationList = 739D64B51904297D006766A3 /* Build configuration list for PBXNativeTarget "VCDismissal" */;
			buildPhases = (
				739D647C1904297D006766A3 /* Sources */,
				739D647D1904297D006766A3 /* Frameworks */,
				739D647E1904297D006766A3 /* Resources */,
			);
			buildRules = (
			);
			dependencies = (
			);
			name = VCDismissal;
			productName = VCDismissal;
			productReference = 739D64801904297D006766A3 /* VCDismissal.app */;
			productType = "com.apple.product-type.application";
		};
		739D64A31904297D006766A3 /* VCDismissalTests */ = {
			isa = PBXNativeTarget;
			buildConfigurationList = 739D64B81904297D006766A3 /* Build configuration list for PBXNativeTarget "VCDismissalTests" */;
			buildPhases = (
				739D64A01904297D006766A3 /* Sources */,
				739D64A11904297D006766A3 /* Frameworks */,
				739D64A21904297D006766A3 /* Resources */,
			);
			buildRules = (
			);
			dependencies = (
				739D64AA1904297D006766A3 /* PBXTargetDependency */,
			);
			name = VCDismissalTests;
			productName = VCDismissalTests;
			productReference = 739D64A41904297D006766A3 /* VCDismissalTests.xctest */;
			productType = "com.apple.product-type.bundle.unit-test";
		};
/* End PBXNativeTarget section */

/* Begin PBXProject section */
		739D64781904297D006766A3 /* Project object */ = {
			isa = PBXProject;
			attributes = {
				LastUpgradeCheck = 0510;
				ORGANIZATIONNAME = "Adedayo Olumide";
				TargetAttributes = {
					739D64A31904297D006766A3 = {
						TestTargetID = 739D647F1904297D006766A3;
					};
				};
			};
			buildConfigurationList = 739D647B1904297D006766A3 /* Build configuration list for PBXProject "VCDismissal" */;
			compatibilityVersion = "Xcode 3.2";
			developmentRegion = English;
			hasScannedForEncodings = 0;
			knownRegions = (
				en,
				Base,
			);
			mainGroup = 739D64771904297D006766A3;
			productRefGroup = 739D64811904297D006766A3 /* Products */;
			projectDirPath = "";
			projectRoot = "";
			targets = (
				739D647F1904297D006766A3 /* VCDismissal */,
				739D64A31904297D006766A3 /* VCDismissalTests */,
			);
		};
/* End PBXProject section */

/* Begin PBXResourcesBuildPhase section */
		739D647E1904297D006766A3 /* Resources */ = {
			isa = PBXResourcesBuildPhase;
			buildActionMask = 2147483647;
			files = (
				739D649A1904297D006766A3 /* Main_iPad.storyboard in Resources */,
				739D649F1904297D006766A3 /* Images.xcassets in Resources */,
				739D64971904297D006766A3 /* Main_iPhone.storyboard in Resources */,
				739D648E1904297D006766A3 /* InfoPlist.strings in Resources */,
			);
			runOnlyForDeploymentPostprocessing = 0;
		};
		739D64A21904297D006766A3 /* Resources */ = {
			isa = PBXResourcesBuildPhase;
			buildActionMask = 2147483647;
			files = (
				739D64B01904297D006766A3 /* InfoPlist.strings in Resources */,
			);
			runOnlyForDeploymentPostprocessing = 0;
		};
/* End PBXResourcesBuildPhase section */

/* Begin PBXSourcesBuildPhase section */
		739D647C1904297D006766A3 /* Sources */ = {
			isa = PBXSourcesBuildPhase;
			buildActionMask = 2147483647;
			files = (
				739D649D1904297D006766A3 /* ViewController.m in Sources */,
				739D64941904297D006766A3 /* AppDelegate.m in Sources */,
				739D64901904297D006766A3 /* main.m in Sources */,
			);
			runOnlyForDeploymentPostprocessing = 0;
		};
		739D64A01904297D006766A3 /* Sources */ = {
			isa = PBXSourcesBuildPhase;
			buildActionMask = 2147483647;
			files = (
				739D64B21904297D006766A3 /* VCDismissalTests.m in Sources */,
			);
			runOnlyForDeploymentPostprocessing = 0;
		};
/* End PBXSourcesBuildPhase section */

/* Begin PBXTargetDependency section */
		739D64AA1904297D006766A3 /* PBXTargetDependency */ = {
			isa = PBXTargetDependency;
			target = 739D647F1904297D006766A3 /* VCDismissal */;
			targetProxy = 739D64A91904297D006766A3 /* PBXContainerItemProxy */;
		};
/* End PBXTargetDependency section */

/* Begin PBXVariantGroup section */
		739D648C1904297D006766A3 /* InfoPlist.strings */ = {
			isa = PBXVariantGroup;
			children = (
				739D648D1904297D006766A3 /* en */,
			);
			name = InfoPlist.strings;
			sourceTree = "<group>";
		};
		739D64951904297D006766A3 /* Main_iPhone.storyboard */ = {
			isa = PBXVariantGroup;
			children = (
				739D64961904297D006766A3 /* Base */,
			);
			name = Main_iPhone.storyboard;
			sourceTree = "<group>";
		};
		739D64981904297D006766A3 /* Main_iPad.storyboard */ = {
			isa = PBXVariantGroup;
			children = (
				739D64991904297D006766A3 /* Base */,
			);
			name = Main_iPad.storyboard;
			sourceTree = "<group>";
		};
		739D64AE1904297D006766A3 /* InfoPlist.strings */ = {
			isa = PBXVariantGroup;
			children = (
				739D64AF1904297D006766A3 /* en */,
			);
			name = InfoPlist.strings;
			sourceTree = "<group>";
		};
/* End PBXVariantGroup section */

/* Begin XCBuildConfiguration section */
		739D64B31904297D006766A3 /* Debug */ = {
			isa = XCBuildConfiguration;
			buildSettings = {
				ALWAYS_SEARCH_USER_PATHS = NO;
				CLANG_CXX_LANGUAGE_STANDARD = "gnu++0x";
				CLANG_CXX_LIBRARY = "libc++";
				CLANG_ENABLE_MODULES = YES;
				CLANG_ENABLE_OBJC_ARC = YES;
				CLANG_WARN_BOOL_CONVERSION = YES;
				CLANG_WARN_CONSTANT_CONVERSION = YES;
				CLANG_WARN_DIRECT_OBJC_ISA_USAGE = YES_ERROR;
				CLANG_WARN_EMPTY_BODY = YES;
				CLANG_WARN_ENUM_CONVERSION = YES;
				CLANG_WARN_INT_CONVERSION = YES;
				CLANG_WARN_OBJC_ROOT_CLASS = YES_ERROR;
				CLANG_WARN__DUPLICATE_METHOD_MATCH = YES;
				"CODE_SIGN_IDENTITY[sdk=iphoneos*]" = "iPhone Developer";
				COPY_PHASE_STRIP = NO;
				GCC_C_LANGUAGE_STANDARD = gnu99;
				GCC_DYNAMIC_NO_PIC = NO;
				GCC_OPTIMIZATION_LEVEL = 0;
				GCC_PREPROCESSOR_DEFINITIONS = (
					"DEBUG=1",
					"$(inherited)",
				);
				GCC_SYMBOLS_PRIVATE_EXTERN = NO;
				GCC_WARN_64_TO_32_BIT_CONVERSION = YES;
				GCC_WARN_ABOUT_RETURN_TYPE = YES_ERROR;
				GCC_WARN_UNDECLARED_SELECTOR = YES;
				GCC_WARN_UNINITIALIZED_AUTOS = YES_AGGRESSIVE;
				GCC_WARN_UNUSED_FUNCTION = YES;
				GCC_WARN_UNUSED_VARIABLE = YES;
				IPHONEOS_DEPLOYMENT_TARGET = 7.1;
				ONLY_ACTIVE_ARCH = YES;
				SDKROOT = iphoneos;
				TARGETED_DEVICE_FAMILY = "1,2";
			};
			name = Debug;
		};
		739D64B41904297D006766A3 /* Release */ = {
			isa = XCBuildConfiguration;
			buildSettings = {
				ALWAYS_SEARCH_USER_PATHS = NO;
				CLANG_CXX_LANGUAGE_STANDARD = "gnu++0x";
				CLANG_CXX_LIBRARY = "libc++";
				CLANG_ENABLE_MODULES = YES;
				CLANG_ENABLE_OBJC_ARC = YES;
				CLANG_WARN_BOOL_CONVERSION = YES;
				CLANG_WARN_CONSTANT_CONVERSION = YES;
				CLANG_WARN_DIRECT_OBJC_ISA_USAGE = YES_ERROR;
				CLANG_WARN_EMPTY_BODY = YES;
				CLANG_WARN_ENUM_CONVERSION = YES;
				CLANG_WARN_INT_CONVERSION = YES;
				CLANG_WARN_OBJC_ROOT_CLASS = YES_ERROR;
				CLANG_WARN__DUPLICATE_METHOD_MATCH = YES;
				"CODE_SIGN_IDENTITY[sdk=iphoneos*]" = "iPhone Developer";
				COPY_PHASE_STRIP = YES;
				ENABLE_NS_ASSERTIONS = NO;
				GCC_C_LANGUAGE_STANDARD = gnu99;
				GCC_WARN_64_TO_32_BIT_CONVERSION = YES;
				GCC_WARN_ABOUT_RETURN_TYPE = YES_ERROR;
				GCC_WARN_UNDECLARED_SELECTOR = YES;
				GCC_WARN_UNINITIALIZED_AUTOS = YES_AGGRESSIVE;
				GCC_WARN_UNUSED_FUNCTION = YES;
				GCC_WARN_UNUSED_VARIABLE = YES;
				IPHONEOS_DEPLOYMENT_TARGET = 7.1;
				SDKROOT = iphoneos;
				TARGETED_DEVICE_FAMILY = "1,2";
				VALIDATE_PRODUCT = YES;
			};
			name = Release;
		};
		739D64B61904297D006766A3 /* Debug */ = {
			isa = XCBuildConfiguration;
			buildSettings = {
				ASSETCATALOG_COMPILER_APPICON_NAME = AppIcon;
				ASSETCATALOG_COMPILER_LAUNCHIMAGE_NAME = LaunchImage;
				GCC_PRECOMPILE_PREFIX_HEADER = YES;
				GCC_PREFIX_HEADER = "VCDismissal/VCDismissal-Prefix.pch";
				INFOPLIST_FILE = "VCDismissal/VCDismissal-Info.plist";
				PRODUCT_NAME = "$(TARGET_NAME)";
				WRAPPER_EXTENSION = app;
			};
			name = Debug;
		};
		739D64B71904297D006766A3 /* Release */ = {
			isa = XCBuildConfiguration;
			buildSettings = {
				ASSETCATALOG_COMPILER_APPICON_NAME = AppIcon;
				ASSETCATALOG_COMPILER_LAUNCHIMAGE_NAME = LaunchImage;
				GCC_PRECOMPILE_PREFIX_HEADER = YES;
				GCC_PREFIX_HEADER = "VCDismissal/VCDismissal-Prefix.pch";
				INFOPLIST_FILE = "VCDismissal/VCDismissal-Info.plist";
				PRODUCT_NAME = "$(TARGET_NAME)";
				WRAPPER_EXTENSION = app;
			};
			name = Release;
		};
		739D64B91904297D006766A3 /* Debug */ = {
			isa = XCBuildConfiguration;
			buildSettings = {
				BUNDLE_LOADER = "$(BUILT_PRODUCTS_DIR)/VCDismissal.app/VCDismissal";
				FRAMEWORK_SEARCH_PATHS = (
					"$(SDKROOT)/Developer/Library/Frameworks",
					"$(inherited)",
					"$(DEVELOPER_FRAMEWORKS_DIR)",
				);
				GCC_PRECOMPILE_PREFIX_HEADER = YES;
				GCC_PREFIX_HEADER = "VCDismissal/VCDismissal-Prefix.pch";
				GCC_PREPROCESSOR_DEFINITIONS = (
					"DEBUG=1",
					"$(inherited)",
				);
				INFOPLIST_FILE = "VCDismissalTests/VCDismissalTests-Info.plist";
				PRODUCT_NAME = "$(TARGET_NAME)";
				TEST_HOST = "$(BUNDLE_LOADER)";
				WRAPPER_EXTENSION = xctest;
			};
			name = Debug;
		};
		739D64BA1904297D006766A3 /* Release */ = {
			isa = XCBuildConfiguration;
			buildSettings = {
				BUNDLE_LOADER = "$(BUILT_PRODUCTS_DIR)/VCDismissal.app/VCDismissal";
				FRAMEWORK_SEARCH_PATHS = (
					"$(SDKROOT)/Developer/Library/Frameworks",
					"$(inherited)",
					"$(DEVELOPER_FRAMEWORKS_DIR)",
				);
				GCC_PRECOMPILE_PREFIX_HEADER = YES;
				GCC_PREFIX_HEADER = "VCDismissal/VCDismissal-Prefix.pch";
				INFOPLIST_FILE = "VCDismissalTests/VCDismissalTests-Info.plist";
				PRODUCT_NAME = "$(TARGET_NAME)";
				TEST_HOST = "$(BUNDLE_LOADER)";
				WRAPPER_EXTENSION = xctest;
			};
			name = Release;
		};
/* End XCBuildConfiguration section */

/* Begin XCConfigurationList section */
		739D647B1904297D006766A3 /* Build configuration list for PBXProject "VCDismissal" */ = {
			isa = XCConfigurationList;
			buildConfigurations = (
				739D64B31904297D006766A3 /* Debug */,
				739D64B41904297D006766A3 /* Release */,
			);
			defaultConfigurationIsVisible = 0;
			defaultConfigurationName = Release;
		};
		739D64B51904297D006766A3 /* Build configuration list for PBXNativeTarget "VCDismissal" */ = {
			isa = XCConfigurationList;
			buildConfigurations = (
				739D64B61904297D006766A3 /* Debug */,
				739D64B71904297D006766A3 /* Release */,
			);
			defaultConfigurationIsVisible = 0;
		};
		739D64B81904297D006766A3 /* Build configuration list for PBXNativeTarget "VCDismissalTests" */ = {
			isa = XCConfigurationList;
			buildConfigurations = (
				739D64B91904297D006766A3 /* Debug */,
				739D64BA1904297D006766A3 /* Release */,
			);
			defaultConfigurationIsVisible = 0;
		};
/* End XCConfigurationList section */
	};
	rootObject = 739D64781904297D006766A3 /* Project object */;
}
